
Microsoft Visual Studio Solution File, Format Version 12.00
# Visual Studio 14
VisualStudioVersion = 14.0.23107.0
MinimumVisualStudioVersion = 10.0.40219.1
Project("{8BC9CEB8-8B4A-11D0-8D11-00A0C91BC942}") = "pureC", "pureC\pureC.vcxproj", "{EA1D75F9-8488-411C-BFF0-C24C2926AF0C}"
EndProject
Project("{2150E333-8FDC-42A3-9474-1A3956D46DE8}") = "Solution Items", "Solution Items", "{91B7EEEB-E473-47F6-9D55-6E9B01B2B239}"
EndProject
Global
	GlobalSection(SolutionConfigurationPlatforms) = preSolution
		Debug|x64 = Debug|x64
		Debug|x86 = Debug|x86
		Release|x64 = Release|x64
		Release|x86 = Release|x86
	EndGlobalSection
	GlobalSection(ProjectConfigurationPlatforms) = postSolution
		{EA1D75F9-8488-411C-BFF0-C24C2926AF0C}.Debug|x64.ActiveCfg = Debug|x64
		{EA1D75F9-8488-411C-BFF0-C24C2926AF0C}.Debug|x64.Build.0 = Debug|x64
		{EA1D75F9-8488-411C-BFF0-C24C2926AF0C}.Debug|x86.ActiveCfg = Debug|Win32
		{EA1D75F9-8488-411C-BFF0-C24C2926AF0C}.Debug|x86.Build.0 = Debug|Win32
		{EA1D75F9-8488-411C-BFF0-C24C2926AF0C}.Release|x64.ActiveCfg = Release|x64
		{EA1D75F9-8488-411C-BFF0-C24C2926AF0C}.Release|x64.Build.0 = Release|x64
		{EA1D75F9-8488-411C-BFF0-C24C2926AF0C}.Release|x86.ActiveCfg = Release|Win32
		{EA1D75F9-8488-411C-BFF0-C24C2926AF0C}.Release|x86.Build.0 = Release|Win32
	EndGlobalSection
	GlobalSection(SolutionProperties) = preSolution
		HideSolutionNode = FALSE
	EndGlobalSection
EndGlobal
